# This file is automatically @generated by Poetry 1.8.4 and should not be changed by hand.

[[package]]
name = "cocotb"
version = "1.9.2"
description = "cocotb is a coroutine based cosimulation library for writing VHDL and Verilog testbenches in Python."
optional = false
python-versions = ">=3.6"
files = [
    {file = "cocotb-1.9.2-cp310-cp310-macosx_10_9_x86_64.whl", hash = "sha256:25396c1650eb9002dbebe013f8c3fad64b1646e4b2ff06f953cf2f8aac51b7d2"},
    {file = "cocotb-1.9.2-cp310-cp310-manylinux_2_17_x86_64.manylinux2014_x86_64.whl", hash = "sha256:47f82e32c2485ae953f482d1e19f227c7c95b05bb5542eee2b4c4250d787df64"},
    {file = "cocotb-1.9.2-cp310-cp310-manylinux_2_5_i686.manylinux1_i686.manylinux_2_17_i686.manylinux2014_i686.whl", hash = "sha256:940ca22d386962bc538e4aa2c94d50a23e83758f6d0b721aabb67760d37dedea"},
    {file = "cocotb-1.9.2-cp310-cp310-win32.whl", hash = "sha256:4ee9f6a3cdebf88ecec9a69789111559260898dcbebffff11593076f4cbf29c9"},
    {file = "cocotb-1.9.2-cp310-cp310-win_amd64.whl", hash = "sha256:6901bb667ad3ffd0233558c496691062c72f30f0cb9686e86ca05bf3019d0ee0"},
    {file = "cocotb-1.9.2-cp311-cp311-macosx_10_9_x86_64.whl", hash = "sha256:ac8cef8162a01369cbb6428b5d252274fe8a6bcae360fb68ba12dcda344b468a"},
    {file = "cocotb-1.9.2-cp311-cp311-manylinux_2_17_x86_64.manylinux2014_x86_64.whl", hash = "sha256:57fb05bc1bf79f92964d3a633153056bd885538dac9c2f5d3a724e83cdc65d51"},
    {file = "cocotb-1.9.2-cp311-cp311-manylinux_2_5_i686.manylinux1_i686.manylinux_2_17_i686.manylinux2014_i686.whl", hash = "sha256:08c6dc004324b36015975b14aa24dca3cf1ac771d0ddd9ccacdcf4af7c77c3e1"},
    {file = "cocotb-1.9.2-cp311-cp311-win32.whl", hash = "sha256:d2b28fb592586cf210243bacf3c53be5c5ca383555aafc8619605f34529bfae0"},
    {file = "cocotb-1.9.2-cp311-cp311-win_amd64.whl", hash = "sha256:7f171a4eb095b45556275fba414785eaf7b41937690a93dc0dfa8f568e699687"},
    {file = "cocotb-1.9.2-cp312-cp312-macosx_10_9_x86_64.whl", hash = "sha256:17c19553dbc5442f079495a2fd6e8fc7924cd9c527ae0d5c92d864f12d3ed865"},
    {file = "cocotb-1.9.2-cp312-cp312-manylinux_2_17_x86_64.manylinux2014_x86_64.whl", hash = "sha256:ff2460fb60444bfbe28a8119aad7f7297a97b53356426f03d0cdee2b90d3bc1a"},
    {file = "cocotb-1.9.2-cp312-cp312-manylinux_2_5_i686.manylinux1_i686.manylinux_2_17_i686.manylinux2014_i686.whl", hash = "sha256:5a2333ee6e5f2316c425e501ea9a116439cf8f08ceb8816c762842fe88ea9748"},
    {file = "cocotb-1.9.2-cp312-cp312-win32.whl", hash = "sha256:85d175f6e6054f3d046903790fe61ccf454e1a5e39392682c728a3418be935cf"},
    {file = "cocotb-1.9.2-cp312-cp312-win_amd64.whl", hash = "sha256:42fde03b858cd84e0284d9cee6bf34cc0892167921bd1da100abf181ac5e2ea4"},
    {file = "cocotb-1.9.2-cp313-cp313-macosx_10_13_x86_64.whl", hash = "sha256:a60f6b3c4e4f5e9265a18c86927af1d773fb79b32edf577ce2ba8d59d74acafc"},
    {file = "cocotb-1.9.2-cp313-cp313-manylinux_2_17_x86_64.manylinux2014_x86_64.whl", hash = "sha256:9cc00e5ddf5fea392a8a3406869396c7e5a736a08afc8e0fe45ad159151438ba"},
    {file = "cocotb-1.9.2-cp313-cp313-manylinux_2_5_i686.manylinux1_i686.manylinux_2_17_i686.manylinux2014_i686.whl", hash = "sha256:6264826ee4dd6acc678dd2572f3cd683da6a48013af82de81bf8a45b5e064b8e"},
    {file = "cocotb-1.9.2-cp313-cp313-win32.whl", hash = "sha256:7cdb25ca9dd2483d96f30b1cf3c070e4a6527d43e0af2d66660de29727c81cd4"},
    {file = "cocotb-1.9.2-cp313-cp313-win_amd64.whl", hash = "sha256:c816972ec4b3360372075fb0563cf98e8ad7d0f158e8dfe3165824936383a888"},
    {file = "cocotb-1.9.2-cp36-cp36m-macosx_10_9_x86_64.whl", hash = "sha256:88b782bd94aa7c248bdafda9df6e9880e257b22adc39947f6f95f98147131d58"},
    {file = "cocotb-1.9.2-cp36-cp36m-manylinux_2_5_i686.manylinux1_i686.whl", hash = "sha256:bc1939471c01fb31095f8566ed04ea35b54ab78fede6eb4ebfb4e473cb00c4b0"},
    {file = "cocotb-1.9.2-cp36-cp36m-manylinux_2_5_x86_64.manylinux1_x86_64.whl", hash = "sha256:0236a9d71a055ceaee0a3dac025445ce57a1bc3cd6343a678c0d589653146f5a"},
    {file = "cocotb-1.9.2-cp36-cp36m-win32.whl", hash = "sha256:bf0ef0540999be4a71383ab47bcd7814532f18ebf659fdd1283f4d2bf3eb7340"},
    {file = "cocotb-1.9.2-cp36-cp36m-win_amd64.whl", hash = "sha256:391d15b2cf577f18089e723f94498015dc2590d18c0599dd4dac235e8894c37a"},
    {file = "cocotb-1.9.2-cp37-cp37m-macosx_10_9_x86_64.whl", hash = "sha256:4f0e52c1efc17a0c4d185d2a7441e54da29b2c04878a9e299b87df2367c25f3c"},
    {file = "cocotb-1.9.2-cp37-cp37m-manylinux_2_17_x86_64.manylinux2014_x86_64.whl", hash = "sha256:4be2dba2048ab8762bf6db1732ca171d51366b9b619526a7711514da908055a7"},
    {file = "cocotb-1.9.2-cp37-cp37m-manylinux_2_5_i686.manylinux1_i686.manylinux_2_17_i686.manylinux2014_i686.whl", hash = "sha256:f2082ba26a627732c12ea5a0db99daf2120ef809af1447e0ac483f48a5a7c934"},
    {file = "cocotb-1.9.2-cp37-cp37m-win32.whl", hash = "sha256:8852642ebc058f34212f67ccedfcd4af4df2c4ddfada6a152af01a1dda1d86e7"},
    {file = "cocotb-1.9.2-cp37-cp37m-win_amd64.whl", hash = "sha256:0e9ae50fa48ccbcc14bc97c41a190d872265d70aba42cda7d8e717abcc3fa07a"},
    {file = "cocotb-1.9.2-cp38-cp38-macosx_10_9_x86_64.whl", hash = "sha256:23310e7d6cb11ca54cd70f4246a47870308e900717a7df63f5c598b09ef9982d"},
    {file = "cocotb-1.9.2-cp38-cp38-manylinux_2_17_x86_64.manylinux2014_x86_64.whl", hash = "sha256:c560897f7577e8e260bf517f72beec811dc8f45300fa42fec32b12156cab2939"},
    {file = "cocotb-1.9.2-cp38-cp38-manylinux_2_5_i686.manylinux1_i686.manylinux_2_17_i686.manylinux2014_i686.whl", hash = "sha256:e6450edbaa2e2f761655c843a0a710c7094abb78b2af3c0e50d7fe0f9a289207"},
    {file = "cocotb-1.9.2-cp38-cp38-win32.whl", hash = "sha256:e0a594a9aaf4e88fd92817a8c1487193fec7b735cffb65e0210454f8847fb04c"},
    {file = "cocotb-1.9.2-cp38-cp38-win_amd64.whl", hash = "sha256:f7f35f7e272142df87c794c7f10fc4fb603a3e199cb74f99b6abd9d552a63249"},
    {file = "cocotb-1.9.2-cp39-cp39-macosx_10_9_x86_64.whl", hash = "sha256:504a0926cf07f59dfce3141d58ce0d20bc4ecafdd7adc3153b6b4ba2e62ed52a"},
    {file = "cocotb-1.9.2-cp39-cp39-manylinux_2_17_x86_64.manylinux2014_x86_64.whl", hash = "sha256:df0aef26de38326440395edf5f2dddd11254a0cfa121151e89095cc5c75c9564"},
    {file = "cocotb-1.9.2-cp39-cp39-manylinux_2_5_i686.manylinux1_i686.manylinux_2_17_i686.manylinux2014_i686.whl", hash = "sha256:349ff4ac56e3d07c49f1b38426461c2e0239e603c5a3e6bc1221d01774c97656"},
    {file = "cocotb-1.9.2-cp39-cp39-win32.whl", hash = "sha256:bcaa79fc55e68f1769c381f494b5c35fce7a597aa660c420a1e9015acf95b263"},
    {file = "cocotb-1.9.2-cp39-cp39-win_amd64.whl", hash = "sha256:58bf87c7c71ba8c8e8f217aaf41841951aea10efe57d824eb32596b8fb47d18e"},
    {file = "cocotb-1.9.2.tar.gz", hash = "sha256:e4cdeaf51ec1b14e5430083ac56edc0b48ad05184f0307d90de44ff7bfdb1652"},
]

[package.dependencies]
find-libpython = "*"

[package.extras]
bus = ["cocotb-bus"]

[[package]]
name = "find-libpython"
version = "0.4.0"
description = "Finds the libpython associated with your environment, wherever it may be hiding"
optional = false
python-versions = "*"
files = [
    {file = "find_libpython-0.4.0-py3-none-any.whl", hash = "sha256:034a4253bd57da3408aefc59aeac1650150f6c1f42e10fdd31615cf1df0842e3"},
    {file = "find_libpython-0.4.0.tar.gz", hash = "sha256:46f9cdcd397ddb563b2d7592ded3796a41c1df5222443bd9d981721c906c03e6"},
]

[metadata]
lock-version = "2.0"
python-versions = "^3.12"
content-hash = "f160b98369810a9d733235f2b7c0365b47399e24fa8a6fea279ad8f285f2c428"
